// !$*UTF8*$!
{
	archiveVersion = 1;
	classes = {
	};
	objectVersion = 56;
	objects = {

/* Begin PBXBuildFile section */
		DCDEB0882C45965000ABD6C9 /* UsageStats.swift in Sources */ = {isa = PBXBuildFile; fileRef = DCDEB0872C45965000ABD6C9 /* UsageStats.swift */; };
		DCDEB08A2C45987500ABD6C9 /* UsageStatsTests.swift in Sources */ = {isa = PBXBuildFile; fileRef = DCDEB0892C45987500ABD6C9 /* UsageStatsTests.swift */; };
		DCDEB08B2C45AAD200ABD6C9 /* UsageStats.swift in Sources */ = {isa = PBXBuildFile; fileRef = DCDEB0872C45965000ABD6C9 /* UsageStats.swift */; };
		DCDEB08D2C45AAF200ABD6C9 /* NetworkError.swift in Sources */ = {isa = PBXBuildFile; fileRef = DCDEB08C2C45AAF200ABD6C9 /* NetworkError.swift */; };
		DCDEB08F2C45B27800ABD6C9 /* NetworkError.swift in Sources */ = {isa = PBXBuildFile; fileRef = DCDEB08C2C45AAF200ABD6C9 /* NetworkError.swift */; };
		DCDEB0972C4AFFFD00ABD6C9 /* AppError.swift in Sources */ = {isa = PBXBuildFile; fileRef = DCDEB0962C4AFFFD00ABD6C9 /* AppError.swift */; };
		DCDEB0992C4B001100ABD6C9 /* ErrorHandler.swift in Sources */ = {isa = PBXBuildFile; fileRef = DCDEB0982C4B001100ABD6C9 /* ErrorHandler.swift */; };
		DCDEB09C2C4B068800ABD6C9 /* ErrorHandlerTests.swift in Sources */ = {isa = PBXBuildFile; fileRef = DCDEB09B2C4B068800ABD6C9 /* ErrorHandlerTests.swift */; };
		DCDEB09D2C4B06D000ABD6C9 /* ErrorHandler.swift in Sources */ = {isa = PBXBuildFile; fileRef = DCDEB0982C4B001100ABD6C9 /* ErrorHandler.swift */; };
		DCDEB09E2C4B086600ABD6C9 /* AppError.swift in Sources */ = {isa = PBXBuildFile; fileRef = DCDEB0962C4AFFFD00ABD6C9 /* AppError.swift */; };
		DCDEB0A12C4B099800ABD6C9 /* MockUsageStats.swift in Sources */ = {isa = PBXBuildFile; fileRef = DCDEB0A02C4B099800ABD6C9 /* MockUsageStats.swift */; };
		DCDEB0A32C4B09DB00ABD6C9 /* MockErrorHandler.swift in Sources */ = {isa = PBXBuildFile; fileRef = DCDEB0A22C4B09DB00ABD6C9 /* MockErrorHandler.swift */; };
		DCDEB0A52C4B0A2100ABD6C9 /* MockNetworkManager.swift in Sources */ = {isa = PBXBuildFile; fileRef = DCDEB0A42C4B0A2100ABD6C9 /* MockNetworkManager.swift */; };
		DCDEB0A92C4C4BD000ABD6C9 /* NavigationViewModel.swift in Sources */ = {isa = PBXBuildFile; fileRef = DCDEB0A82C4C4BD000ABD6C9 /* NavigationViewModel.swift */; };
		DCDEB0AB2C4C55DE00ABD6C9 /* FruitNameButton.swift in Sources */ = {isa = PBXBuildFile; fileRef = DCDEB0AA2C4C55DE00ABD6C9 /* FruitNameButton.swift */; };
		DCDEB0B02C4C58A400ABD6C9 /* NavigationViewModelTests.swift in Sources */ = {isa = PBXBuildFile; fileRef = DCDEB0AF2C4C58A400ABD6C9 /* NavigationViewModelTests.swift */; };
		DCDEB0B12C4C58DF00ABD6C9 /* NavigationViewModel.swift in Sources */ = {isa = PBXBuildFile; fileRef = DCDEB0A82C4C4BD000ABD6C9 /* NavigationViewModel.swift */; };
		DCFBCE382C429F3F00F094F3 /* FruitsApp.swift in Sources */ = {isa = PBXBuildFile; fileRef = DCFBCE372C429F3F00F094F3 /* FruitsApp.swift */; };
		DCFBCE3A2C429F3F00F094F3 /* ContentView.swift in Sources */ = {isa = PBXBuildFile; fileRef = DCFBCE392C429F3F00F094F3 /* ContentView.swift */; };
		DCFBCE3C2C429F4100F094F3 /* Assets.xcassets in Resources */ = {isa = PBXBuildFile; fileRef = DCFBCE3B2C429F4100F094F3 /* Assets.xcassets */; };
		DCFBCE3F2C429F4100F094F3 /* Preview Assets.xcassets in Resources */ = {isa = PBXBuildFile; fileRef = DCFBCE3E2C429F4100F094F3 /* Preview Assets.xcassets */; };
		DCFBCE632C42A9DD00F094F3 /* FruitsList.swift in Sources */ = {isa = PBXBuildFile; fileRef = DCFBCE622C42A9DD00F094F3 /* FruitsList.swift */; };
		DCFBCE682C42AA5D00F094F3 /* Fruit.swift in Sources */ = {isa = PBXBuildFile; fileRef = DCFBCE672C42AA5D00F094F3 /* Fruit.swift */; };
		DCFBCE6A2C42AEEC00F094F3 /* FruitInfo.swift in Sources */ = {isa = PBXBuildFile; fileRef = DCFBCE692C42AEEC00F094F3 /* FruitInfo.swift */; };
		DCFBCE6D2C42B3B300F094F3 /* NetworkManager.swift in Sources */ = {isa = PBXBuildFile; fileRef = DCFBCE6C2C42B3B300F094F3 /* NetworkManager.swift */; };
		DCFBCE6F2C42B73700F094F3 /* FruitsDTO.swift in Sources */ = {isa = PBXBuildFile; fileRef = DCFBCE6E2C42B73700F094F3 /* FruitsDTO.swift */; };
		DCFBCE712C42B89E00F094F3 /* DataSource.swift in Sources */ = {isa = PBXBuildFile; fileRef = DCFBCE702C42B89E00F094F3 /* DataSource.swift */; };
		DCFBCE742C42BB1100F094F3 /* FruitsListViewModel.swift in Sources */ = {isa = PBXBuildFile; fileRef = DCFBCE732C42BB1100F094F3 /* FruitsListViewModel.swift */; };
		DCFBCE792C42C1C900F094F3 /* FruitsDTO.swift in Sources */ = {isa = PBXBuildFile; fileRef = DCFBCE6E2C42B73700F094F3 /* FruitsDTO.swift */; };
		DCFBCE7A2C42C25800F094F3 /* Fruit.swift in Sources */ = {isa = PBXBuildFile; fileRef = DCFBCE672C42AA5D00F094F3 /* Fruit.swift */; };
		DCFBCE7C2C42C70700F094F3 /* Constants.swift in Sources */ = {isa = PBXBuildFile; fileRef = DCFBCE7B2C42C70700F094F3 /* Constants.swift */; };
		DCFBCE7F2C42D57A00F094F3 /* FruitTests.swift in Sources */ = {isa = PBXBuildFile; fileRef = DCFBCE7E2C42D57A00F094F3 /* FruitTests.swift */; };
		DCFBCE802C42D89B00F094F3 /* DataSource.swift in Sources */ = {isa = PBXBuildFile; fileRef = DCFBCE702C42B89E00F094F3 /* DataSource.swift */; };
		DCFBCE822C42D97800F094F3 /* DataSourceTests.swift in Sources */ = {isa = PBXBuildFile; fileRef = DCFBCE812C42D97800F094F3 /* DataSourceTests.swift */; };
		DCFBCE832C42DB0500F094F3 /* NetworkManager.swift in Sources */ = {isa = PBXBuildFile; fileRef = DCFBCE6C2C42B3B300F094F3 /* NetworkManager.swift */; };
		DCFBCE842C42DB1200F094F3 /* Constants.swift in Sources */ = {isa = PBXBuildFile; fileRef = DCFBCE7B2C42C70700F094F3 /* Constants.swift */; };
		DCFBCE8A2C45637600F094F3 /* FruitInfoRow.swift in Sources */ = {isa = PBXBuildFile; fileRef = DCFBCE892C45637600F094F3 /* FruitInfoRow.swift */; };
		DCFBCE8C2C45673900F094F3 /* FruitsBackground.swift in Sources */ = {isa = PBXBuildFile; fileRef = DCFBCE8B2C45673900F094F3 /* FruitsBackground.swift */; };
/* End PBXBuildFile section */

/* Begin PBXContainerItemProxy section */
		DCFBCE452C429F4100F094F3 /* PBXContainerItemProxy */ = {
			isa = PBXContainerItemProxy;
			containerPortal = DCFBCE2C2C429F3F00F094F3 /* Project object */;
			proxyType = 1;
			remoteGlobalIDString = DCFBCE332C429F3F00F094F3;
			remoteInfo = Fruits;
		};
/* End PBXContainerItemProxy section */

/* Begin PBXFileReference section */
		DCDEB0872C45965000ABD6C9 /* UsageStats.swift */ = {isa = PBXFileReference; lastKnownFileType = sourcecode.swift; path = UsageStats.swift; sourceTree = "<group>"; };
		DCDEB0892C45987500ABD6C9 /* UsageStatsTests.swift */ = {isa = PBXFileReference; lastKnownFileType = sourcecode.swift; path = UsageStatsTests.swift; sourceTree = "<group>"; };
		DCDEB08C2C45AAF200ABD6C9 /* NetworkError.swift */ = {isa = PBXFileReference; lastKnownFileType = sourcecode.swift; path = NetworkError.swift; sourceTree = "<group>"; };
		DCDEB0962C4AFFFD00ABD6C9 /* AppError.swift */ = {isa = PBXFileReference; lastKnownFileType = sourcecode.swift; path = AppError.swift; sourceTree = "<group>"; };
		DCDEB0982C4B001100ABD6C9 /* ErrorHandler.swift */ = {isa = PBXFileReference; lastKnownFileType = sourcecode.swift; path = ErrorHandler.swift; sourceTree = "<group>"; };
		DCDEB09B2C4B068800ABD6C9 /* ErrorHandlerTests.swift */ = {isa = PBXFileReference; lastKnownFileType = sourcecode.swift; path = ErrorHandlerTests.swift; sourceTree = "<group>"; };
		DCDEB0A02C4B099800ABD6C9 /* MockUsageStats.swift */ = {isa = PBXFileReference; lastKnownFileType = sourcecode.swift; path = MockUsageStats.swift; sourceTree = "<group>"; };
		DCDEB0A22C4B09DB00ABD6C9 /* MockErrorHandler.swift */ = {isa = PBXFileReference; lastKnownFileType = sourcecode.swift; path = MockErrorHandler.swift; sourceTree = "<group>"; };
		DCDEB0A42C4B0A2100ABD6C9 /* MockNetworkManager.swift */ = {isa = PBXFileReference; lastKnownFileType = sourcecode.swift; path = MockNetworkManager.swift; sourceTree = "<group>"; };
		DCDEB0A82C4C4BD000ABD6C9 /* NavigationViewModel.swift */ = {isa = PBXFileReference; lastKnownFileType = sourcecode.swift; path = NavigationViewModel.swift; sourceTree = "<group>"; };
		DCDEB0AA2C4C55DE00ABD6C9 /* FruitNameButton.swift */ = {isa = PBXFileReference; lastKnownFileType = sourcecode.swift; path = FruitNameButton.swift; sourceTree = "<group>"; };
		DCDEB0AF2C4C58A400ABD6C9 /* NavigationViewModelTests.swift */ = {isa = PBXFileReference; lastKnownFileType = sourcecode.swift; path = NavigationViewModelTests.swift; sourceTree = "<group>"; };
		DCFBCE342C429F3F00F094F3 /* Fruits.app */ = {isa = PBXFileReference; explicitFileType = wrapper.application; includeInIndex = 0; path = Fruits.app; sourceTree = BUILT_PRODUCTS_DIR; };
		DCFBCE372C429F3F00F094F3 /* FruitsApp.swift */ = {isa = PBXFileReference; lastKnownFileType = sourcecode.swift; path = FruitsApp.swift; sourceTree = "<group>"; };
		DCFBCE392C429F3F00F094F3 /* ContentView.swift */ = {isa = PBXFileReference; lastKnownFileType = sourcecode.swift; path = ContentView.swift; sourceTree = "<group>"; };
		DCFBCE3B2C429F4100F094F3 /* Assets.xcassets */ = {isa = PBXFileReference; lastKnownFileType = folder.assetcatalog; path = Assets.xcassets; sourceTree = "<group>"; };
		DCFBCE3E2C429F4100F094F3 /* Preview Assets.xcassets */ = {isa = PBXFileReference; lastKnownFileType = folder.assetcatalog; path = "Preview Assets.xcassets"; sourceTree = "<group>"; };
		DCFBCE442C429F4100F094F3 /* FruitsTests.xctest */ = {isa = PBXFileReference; explicitFileType = wrapper.cfbundle; includeInIndex = 0; path = FruitsTests.xctest; sourceTree = BUILT_PRODUCTS_DIR; };
		DCFBCE622C42A9DD00F094F3 /* FruitsList.swift */ = {isa = PBXFileReference; lastKnownFileType = sourcecode.swift; path = FruitsList.swift; sourceTree = "<group>"; };
		DCFBCE672C42AA5D00F094F3 /* Fruit.swift */ = {isa = PBXFileReference; lastKnownFileType = sourcecode.swift; path = Fruit.swift; sourceTree = "<group>"; };
		DCFBCE692C42AEEC00F094F3 /* FruitInfo.swift */ = {isa = PBXFileReference; lastKnownFileType = sourcecode.swift; path = FruitInfo.swift; sourceTree = "<group>"; };
		DCFBCE6C2C42B3B300F094F3 /* NetworkManager.swift */ = {isa = PBXFileReference; lastKnownFileType = sourcecode.swift; path = NetworkManager.swift; sourceTree = "<group>"; };
		DCFBCE6E2C42B73700F094F3 /* FruitsDTO.swift */ = {isa = PBXFileReference; lastKnownFileType = sourcecode.swift; path = FruitsDTO.swift; sourceTree = "<group>"; };
		DCFBCE702C42B89E00F094F3 /* DataSource.swift */ = {isa = PBXFileReference; lastKnownFileType = sourcecode.swift; path = DataSource.swift; sourceTree = "<group>"; };
		DCFBCE732C42BB1100F094F3 /* FruitsListViewModel.swift */ = {isa = PBXFileReference; lastKnownFileType = sourcecode.swift; path = FruitsListViewModel.swift; sourceTree = "<group>"; };
		DCFBCE7B2C42C70700F094F3 /* Constants.swift */ = {isa = PBXFileReference; lastKnownFileType = sourcecode.swift; path = Constants.swift; sourceTree = "<group>"; };
		DCFBCE7E2C42D57A00F094F3 /* FruitTests.swift */ = {isa = PBXFileReference; lastKnownFileType = sourcecode.swift; path = FruitTests.swift; sourceTree = "<group>"; };
		DCFBCE812C42D97800F094F3 /* DataSourceTests.swift */ = {isa = PBXFileReference; lastKnownFileType = sourcecode.swift; path = DataSourceTests.swift; sourceTree = "<group>"; };
		DCFBCE892C45637600F094F3 /* FruitInfoRow.swift */ = {isa = PBXFileReference; lastKnownFileType = sourcecode.swift; path = FruitInfoRow.swift; sourceTree = "<group>"; };
		DCFBCE8B2C45673900F094F3 /* FruitsBackground.swift */ = {isa = PBXFileReference; lastKnownFileType = sourcecode.swift; path = FruitsBackground.swift; sourceTree = "<group>"; };
/* End PBXFileReference section */

/* Begin PBXFrameworksBuildPhase section */
		DCFBCE312C429F3F00F094F3 /* Frameworks */ = {
			isa = PBXFrameworksBuildPhase;
			buildActionMask = 2147483647;
			files = (
			);
			runOnlyForDeploymentPostprocessing = 0;
		};
		DCFBCE412C429F4100F094F3 /* Frameworks */ = {
			isa = PBXFrameworksBuildPhase;
			buildActionMask = 2147483647;
			files = (
			);
			runOnlyForDeploymentPostprocessing = 0;
		};
/* End PBXFrameworksBuildPhase section */

/* Begin PBXGroup section */
		DCDEB08E2C45B03700ABD6C9 /* ErrorHandling */ = {
			isa = PBXGroup;
			children = (
				DCDEB0962C4AFFFD00ABD6C9 /* AppError.swift */,
				DCDEB0982C4B001100ABD6C9 /* ErrorHandler.swift */,
			);
			path = ErrorHandling;
			sourceTree = "<group>";
		};
		DCDEB0952C4AFD4200ABD6C9 /* Network */ = {
			isa = PBXGroup;
			children = (
				DCDEB0892C45987500ABD6C9 /* UsageStatsTests.swift */,
			);
			path = Network;
			sourceTree = "<group>";
		};
		DCDEB09A2C4B066A00ABD6C9 /* ErrorHandling */ = {
			isa = PBXGroup;
			children = (
				DCDEB09B2C4B068800ABD6C9 /* ErrorHandlerTests.swift */,
			);
			path = ErrorHandling;
			sourceTree = "<group>";
		};
		DCDEB09F2C4B097800ABD6C9 /* Mocks */ = {
			isa = PBXGroup;
			children = (
				DCDEB0A02C4B099800ABD6C9 /* MockUsageStats.swift */,
				DCDEB0A22C4B09DB00ABD6C9 /* MockErrorHandler.swift */,
				DCDEB0A42C4B0A2100ABD6C9 /* MockNetworkManager.swift */,
			);
			path = Mocks;
			sourceTree = "<group>";
		};
		DCDEB0AC2C4C55F000ABD6C9 /* Screens */ = {
			isa = PBXGroup;
			children = (
				DCFBCE622C42A9DD00F094F3 /* FruitsList.swift */,
				DCFBCE692C42AEEC00F094F3 /* FruitInfo.swift */,
			);
			path = Screens;
			sourceTree = "<group>";
		};
		DCDEB0AD2C4C55F700ABD6C9 /* Components */ = {
			isa = PBXGroup;
			children = (
				DCFBCE892C45637600F094F3 /* FruitInfoRow.swift */,
				DCFBCE8B2C45673900F094F3 /* FruitsBackground.swift */,
				DCDEB0AA2C4C55DE00ABD6C9 /* FruitNameButton.swift */,
			);
			path = Components;
			sourceTree = "<group>";
		};
		DCDEB0AE2C4C587800ABD6C9 /* ViewModel */ = {
			isa = PBXGroup;
			children = (
				DCDEB0AF2C4C58A400ABD6C9 /* NavigationViewModelTests.swift */,
			);
			path = ViewModel;
			sourceTree = "<group>";
		};
		DCFBCE2B2C429F3F00F094F3 = {
			isa = PBXGroup;
			children = (
				DCFBCE362C429F3F00F094F3 /* Fruits */,
				DCFBCE472C429F4100F094F3 /* FruitsTests */,
				DCFBCE352C429F3F00F094F3 /* Products */,
			);
			sourceTree = "<group>";
		};
		DCFBCE352C429F3F00F094F3 /* Products */ = {
			isa = PBXGroup;
			children = (
				DCFBCE342C429F3F00F094F3 /* Fruits.app */,
				DCFBCE442C429F4100F094F3 /* FruitsTests.xctest */,
			);
			name = Products;
			sourceTree = "<group>";
		};
		DCFBCE362C429F3F00F094F3 /* Fruits */ = {
			isa = PBXGroup;
			children = (
				DCDEB08E2C45B03700ABD6C9 /* ErrorHandling */,
				DCFBCE6B2C42B29200F094F3 /* Network */,
				DCFBCE662C42AA4F00F094F3 /* Model */,
				DCFBCE722C42BAEF00F094F3 /* ViewModel */,
				DCFBCE612C42A9AB00F094F3 /* View */,
				DCFBCE372C429F3F00F094F3 /* FruitsApp.swift */,
				DCFBCE3B2C429F4100F094F3 /* Assets.xcassets */,
				DCFBCE3D2C429F4100F094F3 /* Preview Content */,
			);
			path = Fruits;
			sourceTree = "<group>";
		};
		DCFBCE3D2C429F4100F094F3 /* Preview Content */ = {
			isa = PBXGroup;
			children = (
				DCFBCE3E2C429F4100F094F3 /* Preview Assets.xcassets */,
			);
			path = "Preview Content";
			sourceTree = "<group>";
		};
		DCFBCE472C429F4100F094F3 /* FruitsTests */ = {
			isa = PBXGroup;
			children = (
				DCDEB09A2C4B066A00ABD6C9 /* ErrorHandling */,
				DCDEB0952C4AFD4200ABD6C9 /* Network */,
				DCFBCE7D2C42D55400F094F3 /* Model */,
				DCDEB0AE2C4C587800ABD6C9 /* ViewModel */,
				DCDEB09F2C4B097800ABD6C9 /* Mocks */,
			);
			path = FruitsTests;
			sourceTree = "<group>";
		};
		DCFBCE612C42A9AB00F094F3 /* View */ = {
			isa = PBXGroup;
			children = (
				DCFBCE392C429F3F00F094F3 /* ContentView.swift */,
				DCDEB0AC2C4C55F000ABD6C9 /* Screens */,
				DCDEB0AD2C4C55F700ABD6C9 /* Components */,
			);
			path = View;
			sourceTree = "<group>";
		};
		DCFBCE662C42AA4F00F094F3 /* Model */ = {
			isa = PBXGroup;
			children = (
				DCFBCE7B2C42C70700F094F3 /* Constants.swift */,
				DCFBCE702C42B89E00F094F3 /* DataSource.swift */,
				DCFBCE6E2C42B73700F094F3 /* FruitsDTO.swift */,
				DCFBCE672C42AA5D00F094F3 /* Fruit.swift */,
			);
			path = Model;
			sourceTree = "<group>";
		};
		DCFBCE6B2C42B29200F094F3 /* Network */ = {
			isa = PBXGroup;
			children = (
				DCFBCE6C2C42B3B300F094F3 /* NetworkManager.swift */,
				DCDEB0872C45965000ABD6C9 /* UsageStats.swift */,
				DCDEB08C2C45AAF200ABD6C9 /* NetworkError.swift */,
			);
			path = Network;
			sourceTree = "<group>";
		};
		DCFBCE722C42BAEF00F094F3 /* ViewModel */ = {
			isa = PBXGroup;
			children = (
				DCFBCE732C42BB1100F094F3 /* FruitsListViewModel.swift */,
				DCDEB0A82C4C4BD000ABD6C9 /* NavigationViewModel.swift */,
			);
			path = ViewModel;
			sourceTree = "<group>";
		};
		DCFBCE7D2C42D55400F094F3 /* Model */ = {
			isa = PBXGroup;
			children = (
				DCFBCE812C42D97800F094F3 /* DataSourceTests.swift */,
				DCFBCE7E2C42D57A00F094F3 /* FruitTests.swift */,
			);
			path = Model;
			sourceTree = "<group>";
		};
/* End PBXGroup section */

/* Begin PBXNativeTarget section */
		DCFBCE332C429F3F00F094F3 /* Fruits */ = {
			isa = PBXNativeTarget;
			buildConfigurationList = DCFBCE582C429F4100F094F3 /* Build configuration list for PBXNativeTarget "Fruits" */;
			buildPhases = (
				DCFBCE302C429F3F00F094F3 /* Sources */,
				DCFBCE312C429F3F00F094F3 /* Frameworks */,
				DCFBCE322C429F3F00F094F3 /* Resources */,
			);
			buildRules = (
			);
			dependencies = (
			);
			name = Fruits;
			productName = Fruits;
			productReference = DCFBCE342C429F3F00F094F3 /* Fruits.app */;
			productType = "com.apple.product-type.application";
		};
		DCFBCE432C429F4100F094F3 /* FruitsTests */ = {
			isa = PBXNativeTarget;
			buildConfigurationList = DCFBCE5B2C429F4100F094F3 /* Build configuration list for PBXNativeTarget "FruitsTests" */;
			buildPhases = (
				DCFBCE402C429F4100F094F3 /* Sources */,
				DCFBCE412C429F4100F094F3 /* Frameworks */,
				DCFBCE422C429F4100F094F3 /* Resources */,
			);
			buildRules = (
			);
			dependencies = (
				DCFBCE462C429F4100F094F3 /* PBXTargetDependency */,
			);
			name = FruitsTests;
			productName = FruitsTests;
			productReference = DCFBCE442C429F4100F094F3 /* FruitsTests.xctest */;
			productType = "com.apple.product-type.bundle.unit-test";
		};
/* End PBXNativeTarget section */

/* Begin PBXProject section */
		DCFBCE2C2C429F3F00F094F3 /* Project object */ = {
			isa = PBXProject;
			attributes = {
				BuildIndependentTargetsInParallel = 1;
				LastSwiftUpdateCheck = 1500;
				LastUpgradeCheck = 1500;
				TargetAttributes = {
					DCFBCE332C429F3F00F094F3 = {
						CreatedOnToolsVersion = 15.0.1;
					};
					DCFBCE432C429F4100F094F3 = {
						CreatedOnToolsVersion = 15.0.1;
						TestTargetID = DCFBCE332C429F3F00F094F3;
					};
				};
			};
			buildConfigurationList = DCFBCE2F2C429F3F00F094F3 /* Build configuration list for PBXProject "Fruits" */;
			compatibilityVersion = "Xcode 14.0";
			developmentRegion = en;
			hasScannedForEncodings = 0;
			knownRegions = (
				en,
				Base,
			);
			mainGroup = DCFBCE2B2C429F3F00F094F3;
			productRefGroup = DCFBCE352C429F3F00F094F3 /* Products */;
			projectDirPath = "";
			projectRoot = "";
			targets = (
				DCFBCE332C429F3F00F094F3 /* Fruits */,
				DCFBCE432C429F4100F094F3 /* FruitsTests */,
			);
		};
/* End PBXProject section */

/* Begin PBXResourcesBuildPhase section */
		DCFBCE322C429F3F00F094F3 /* Resources */ = {
			isa = PBXResourcesBuildPhase;
			buildActionMask = 2147483647;
			files = (
				DCFBCE3F2C429F4100F094F3 /* Preview Assets.xcassets in Resources */,
				DCFBCE3C2C429F4100F094F3 /* Assets.xcassets in Resources */,
			);
			runOnlyForDeploymentPostprocessing = 0;
		};
		DCFBCE422C429F4100F094F3 /* Resources */ = {
			isa = PBXResourcesBuildPhase;
			buildActionMask = 2147483647;
			files = (
			);
			runOnlyForDeploymentPostprocessing = 0;
		};
/* End PBXResourcesBuildPhase section */

/* Begin PBXSourcesBuildPhase section */
		DCFBCE302C429F3F00F094F3 /* Sources */ = {
			isa = PBXSourcesBuildPhase;
			buildActionMask = 2147483647;
			files = (
				DCDEB0A92C4C4BD000ABD6C9 /* NavigationViewModel.swift in Sources */,
				DCFBCE742C42BB1100F094F3 /* FruitsListViewModel.swift in Sources */,
				DCDEB08D2C45AAF200ABD6C9 /* NetworkError.swift in Sources */,
				DCFBCE6D2C42B3B300F094F3 /* NetworkManager.swift in Sources */,
				DCDEB0882C45965000ABD6C9 /* UsageStats.swift in Sources */,
				DCDEB0AB2C4C55DE00ABD6C9 /* FruitNameButton.swift in Sources */,
				DCDEB0972C4AFFFD00ABD6C9 /* AppError.swift in Sources */,
				DCFBCE682C42AA5D00F094F3 /* Fruit.swift in Sources */,
				DCDEB0992C4B001100ABD6C9 /* ErrorHandler.swift in Sources */,
				DCFBCE6F2C42B73700F094F3 /* FruitsDTO.swift in Sources */,
				DCFBCE632C42A9DD00F094F3 /* FruitsList.swift in Sources */,
				DCFBCE7C2C42C70700F094F3 /* Constants.swift in Sources */,
				DCFBCE8C2C45673900F094F3 /* FruitsBackground.swift in Sources */,
				DCFBCE3A2C429F3F00F094F3 /* ContentView.swift in Sources */,
				DCFBCE382C429F3F00F094F3 /* FruitsApp.swift in Sources */,
				DCFBCE712C42B89E00F094F3 /* DataSource.swift in Sources */,
				DCFBCE6A2C42AEEC00F094F3 /* FruitInfo.swift in Sources */,
				DCFBCE8A2C45637600F094F3 /* FruitInfoRow.swift in Sources */,
			);
			runOnlyForDeploymentPostprocessing = 0;
		};
		DCFBCE402C429F4100F094F3 /* Sources */ = {
			isa = PBXSourcesBuildPhase;
			buildActionMask = 2147483647;
			files = (
				DCDEB0B12C4C58DF00ABD6C9 /* NavigationViewModel.swift in Sources */,
				DCDEB09C2C4B068800ABD6C9 /* ErrorHandlerTests.swift in Sources */,
				DCFBCE832C42DB0500F094F3 /* NetworkManager.swift in Sources */,
				DCDEB0A52C4B0A2100ABD6C9 /* MockNetworkManager.swift in Sources */,
				DCFBCE7F2C42D57A00F094F3 /* FruitTests.swift in Sources */,
				DCFBCE7A2C42C25800F094F3 /* Fruit.swift in Sources */,
				DCDEB09E2C4B086600ABD6C9 /* AppError.swift in Sources */,
				DCFBCE822C42D97800F094F3 /* DataSourceTests.swift in Sources */,
				DCDEB08B2C45AAD200ABD6C9 /* UsageStats.swift in Sources */,
				DCFBCE842C42DB1200F094F3 /* Constants.swift in Sources */,
				DCDEB0B02C4C58A400ABD6C9 /* NavigationViewModelTests.swift in Sources */,
				DCFBCE802C42D89B00F094F3 /* DataSource.swift in Sources */,
				DCDEB0A32C4B09DB00ABD6C9 /* MockErrorHandler.swift in Sources */,
				DCDEB0A12C4B099800ABD6C9 /* MockUsageStats.swift in Sources */,
				DCFBCE792C42C1C900F094F3 /* FruitsDTO.swift in Sources */,
				DCDEB09D2C4B06D000ABD6C9 /* ErrorHandler.swift in Sources */,
				DCDEB08A2C45987500ABD6C9 /* UsageStatsTests.swift in Sources */,
				DCDEB08F2C45B27800ABD6C9 /* NetworkError.swift in Sources */,
			);
			runOnlyForDeploymentPostprocessing = 0;
		};
/* End PBXSourcesBuildPhase section */

/* Begin PBXTargetDependency section */
		DCFBCE462C429F4100F094F3 /* PBXTargetDependency */ = {
			isa = PBXTargetDependency;
			target = DCFBCE332C429F3F00F094F3 /* Fruits */;
			targetProxy = DCFBCE452C429F4100F094F3 /* PBXContainerItemProxy */;
		};
/* End PBXTargetDependency section */

/* Begin XCBuildConfiguration section */
		DCFBCE562C429F4100F094F3 /* Debug */ = {
			isa = XCBuildConfiguration;
			buildSettings = {
				ALWAYS_SEARCH_USER_PATHS = NO;
				ASSETCATALOG_COMPILER_GENERATE_SWIFT_ASSET_SYMBOL_EXTENSIONS = YES;
				CLANG_ANALYZER_NONNULL = YES;
				CLANG_ANALYZER_NUMBER_OBJECT_CONVERSION = YES_AGGRESSIVE;
				CLANG_CXX_LANGUAGE_STANDARD = "gnu++20";
				CLANG_ENABLE_MODULES = YES;
				CLANG_ENABLE_OBJC_ARC = YES;
				CLANG_ENABLE_OBJC_WEAK = YES;
				CLANG_WARN_BLOCK_CAPTURE_AUTORELEASING = YES;
				CLANG_WARN_BOOL_CONVERSION = YES;
				CLANG_WARN_COMMA = YES;
				CLANG_WARN_CONSTANT_CONVERSION = YES;
				CLANG_WARN_DEPRECATED_OBJC_IMPLEMENTATIONS = YES;
				CLANG_WARN_DIRECT_OBJC_ISA_USAGE = YES_ERROR;
				CLANG_WARN_DOCUMENTATION_COMMENTS = YES;
				CLANG_WARN_EMPTY_BODY = YES;
				CLANG_WARN_ENUM_CONVERSION = YES;
				CLANG_WARN_INFINITE_RECURSION = YES;
				CLANG_WARN_INT_CONVERSION = YES;
				CLANG_WARN_NON_LITERAL_NULL_CONVERSION = YES;
				CLANG_WARN_OBJC_IMPLICIT_RETAIN_SELF = YES;
				CLANG_WARN_OBJC_LITERAL_CONVERSION = YES;
				CLANG_WARN_OBJC_ROOT_CLASS = YES_ERROR;
				CLANG_WARN_QUOTED_INCLUDE_IN_FRAMEWORK_HEADER = YES;
				CLANG_WARN_RANGE_LOOP_ANALYSIS = YES;
				CLANG_WARN_STRICT_PROTOTYPES = YES;
				CLANG_WARN_SUSPICIOUS_MOVE = YES;
				CLANG_WARN_UNGUARDED_AVAILABILITY = YES_AGGRESSIVE;
				CLANG_WARN_UNREACHABLE_CODE = YES;
				CLANG_WARN__DUPLICATE_METHOD_MATCH = YES;
				COPY_PHASE_STRIP = NO;
				DEBUG_INFORMATION_FORMAT = dwarf;
				ENABLE_STRICT_OBJC_MSGSEND = YES;
				ENABLE_TESTABILITY = YES;
				ENABLE_USER_SCRIPT_SANDBOXING = YES;
				GCC_C_LANGUAGE_STANDARD = gnu17;
				GCC_DYNAMIC_NO_PIC = NO;
				GCC_NO_COMMON_BLOCKS = YES;
				GCC_OPTIMIZATION_LEVEL = 0;
				GCC_PREPROCESSOR_DEFINITIONS = (
					"DEBUG=1",
					"$(inherited)",
				);
				GCC_WARN_64_TO_32_BIT_CONVERSION = YES;
				GCC_WARN_ABOUT_RETURN_TYPE = YES_ERROR;
				GCC_WARN_UNDECLARED_SELECTOR = YES;
				GCC_WARN_UNINITIALIZED_AUTOS = YES_AGGRESSIVE;
				GCC_WARN_UNUSED_FUNCTION = YES;
				GCC_WARN_UNUSED_VARIABLE = YES;
				IPHONEOS_DEPLOYMENT_TARGET = 17.0;
				LOCALIZATION_PREFERS_STRING_CATALOGS = YES;
				MTL_ENABLE_DEBUG_INFO = INCLUDE_SOURCE;
				MTL_FAST_MATH = YES;
				ONLY_ACTIVE_ARCH = YES;
				SDKROOT = iphoneos;
				SWIFT_ACTIVE_COMPILATION_CONDITIONS = "DEBUG $(inherited)";
				SWIFT_OPTIMIZATION_LEVEL = "-Onone";
			};
			name = Debug;
		};
		DCFBCE572C429F4100F094F3 /* Release */ = {
			isa = XCBuildConfiguration;
			buildSettings = {
				ALWAYS_SEARCH_USER_PATHS = NO;
				ASSETCATALOG_COMPILER_GENERATE_SWIFT_ASSET_SYMBOL_EXTENSIONS = YES;
				CLANG_ANALYZER_NONNULL = YES;
				CLANG_ANALYZER_NUMBER_OBJECT_CONVERSION = YES_AGGRESSIVE;
				CLANG_CXX_LANGUAGE_STANDARD = "gnu++20";
				CLANG_ENABLE_MODULES = YES;
				CLANG_ENABLE_OBJC_ARC = YES;
				CLANG_ENABLE_OBJC_WEAK = YES;
				CLANG_WARN_BLOCK_CAPTURE_AUTORELEASING = YES;
				CLANG_WARN_BOOL_CONVERSION = YES;
				CLANG_WARN_COMMA = YES;
				CLANG_WARN_CONSTANT_CONVERSION = YES;
				CLANG_WARN_DEPRECATED_OBJC_IMPLEMENTATIONS = YES;
				CLANG_WARN_DIRECT_OBJC_ISA_USAGE = YES_ERROR;
				CLANG_WARN_DOCUMENTATION_COMMENTS = YES;
				CLANG_WARN_EMPTY_BODY = YES;
				CLANG_WARN_ENUM_CONVERSION = YES;
				CLANG_WARN_INFINITE_RECURSION = YES;
				CLANG_WARN_INT_CONVERSION = YES;
				CLANG_WARN_NON_LITERAL_NULL_CONVERSION = YES;
				CLANG_WARN_OBJC_IMPLICIT_RETAIN_SELF = YES;
				CLANG_WARN_OBJC_LITERAL_CONVERSION = YES;
				CLANG_WARN_OBJC_ROOT_CLASS = YES_ERROR;
				CLANG_WARN_QUOTED_INCLUDE_IN_FRAMEWORK_HEADER = YES;
				CLANG_WARN_RANGE_LOOP_ANALYSIS = YES;
				CLANG_WARN_STRICT_PROTOTYPES = YES;
				CLANG_WARN_SUSPICIOUS_MOVE = YES;
				CLANG_WARN_UNGUARDED_AVAILABILITY = YES_AGGRESSIVE;
				CLANG_WARN_UNREACHABLE_CODE = YES;
				CLANG_WARN__DUPLICATE_METHOD_MATCH = YES;
				COPY_PHASE_STRIP = NO;
				DEBUG_INFORMATION_FORMAT = "dwarf-with-dsym";
				ENABLE_NS_ASSERTIONS = NO;
				ENABLE_STRICT_OBJC_MSGSEND = YES;
				ENABLE_USER_SCRIPT_SANDBOXING = YES;
				GCC_C_LANGUAGE_STANDARD = gnu17;
				GCC_NO_COMMON_BLOCKS = YES;
				GCC_WARN_64_TO_32_BIT_CONVERSION = YES;
				GCC_WARN_ABOUT_RETURN_TYPE = YES_ERROR;
				GCC_WARN_UNDECLARED_SELECTOR = YES;
				GCC_WARN_UNINITIALIZED_AUTOS = YES_AGGRESSIVE;
				GCC_WARN_UNUSED_FUNCTION = YES;
				GCC_WARN_UNUSED_VARIABLE = YES;
				IPHONEOS_DEPLOYMENT_TARGET = 17.0;
				LOCALIZATION_PREFERS_STRING_CATALOGS = YES;
				MTL_ENABLE_DEBUG_INFO = NO;
				MTL_FAST_MATH = YES;
				SDKROOT = iphoneos;
				SWIFT_COMPILATION_MODE = wholemodule;
				VALIDATE_PRODUCT = YES;
			};
			name = Release;
		};
		DCFBCE592C429F4100F094F3 /* Debug */ = {
			isa = XCBuildConfiguration;
			buildSettings = {
				ASSETCATALOG_COMPILER_APPICON_NAME = AppIcon;
				ASSETCATALOG_COMPILER_GLOBAL_ACCENT_COLOR_NAME = AccentColor;
				CODE_SIGN_STYLE = Automatic;
				CURRENT_PROJECT_VERSION = 1;
				DEVELOPMENT_ASSET_PATHS = "\"Fruits/Preview Content\"";
				DEVELOPMENT_TEAM = CJW25DP288;
				ENABLE_PREVIEWS = YES;
				GENERATE_INFOPLIST_FILE = YES;
				INFOPLIST_KEY_UIApplicationSceneManifest_Generation = YES;
				INFOPLIST_KEY_UIApplicationSupportsIndirectInputEvents = YES;
				INFOPLIST_KEY_UILaunchScreen_Generation = YES;
				INFOPLIST_KEY_UISupportedInterfaceOrientations_iPad = "UIInterfaceOrientationPortrait UIInterfaceOrientationPortraitUpsideDown UIInterfaceOrientationLandscapeLeft UIInterfaceOrientationLandscapeRight";
				INFOPLIST_KEY_UISupportedInterfaceOrientations_iPhone = "UIInterfaceOrientationPortrait UIInterfaceOrientationLandscapeLeft UIInterfaceOrientationLandscapeRight";
				LD_RUNPATH_SEARCH_PATHS = (
					"$(inherited)",
					"@executable_path/Frameworks",
				);
				MARKETING_VERSION = 1.0;
				PRODUCT_BUNDLE_IDENTIFIER = "Keewee-Apps.Fruits";
				PRODUCT_NAME = "$(TARGET_NAME)";
				SWIFT_EMIT_LOC_STRINGS = YES;
				SWIFT_VERSION = 5.0;
				TARGETED_DEVICE_FAMILY = "1,2";
			};
			name = Debug;
		};
		DCFBCE5A2C429F4100F094F3 /* Release */ = {
			isa = XCBuildConfiguration;
			buildSettings = {
				ASSETCATALOG_COMPILER_APPICON_NAME = AppIcon;
				ASSETCATALOG_COMPILER_GLOBAL_ACCENT_COLOR_NAME = AccentColor;
				CODE_SIGN_STYLE = Automatic;
				CURRENT_PROJECT_VERSION = 1;
				DEVELOPMENT_ASSET_PATHS = "\"Fruits/Preview Content\"";
				DEVELOPMENT_TEAM = CJW25DP288;
				ENABLE_PREVIEWS = YES;
				GENERATE_INFOPLIST_FILE = YES;
				INFOPLIST_KEY_UIApplicationSceneManifest_Generation = YES;
				INFOPLIST_KEY_UIApplicationSupportsIndirectInputEvents = YES;
				INFOPLIST_KEY_UILaunchScreen_Generation = YES;
				INFOPLIST_KEY_UISupportedInterfaceOrientations_iPad = "UIInterfaceOrientationPortrait UIInterfaceOrientationPortraitUpsideDown UIInterfaceOrientationLandscapeLeft UIInterfaceOrientationLandscapeRight";
				INFOPLIST_KEY_UISupportedInterfaceOrientations_iPhone = "UIInterfaceOrientationPortrait UIInterfaceOrientationLandscapeLeft UIInterfaceOrientationLandscapeRight";
				LD_RUNPATH_SEARCH_PATHS = (
					"$(inherited)",
					"@executable_path/Frameworks",
				);
				MARKETING_VERSION = 1.0;
				PRODUCT_BUNDLE_IDENTIFIER = "Keewee-Apps.Fruits";
				PRODUCT_NAME = "$(TARGET_NAME)";
				SWIFT_EMIT_LOC_STRINGS = YES;
				SWIFT_VERSION = 5.0;
				TARGETED_DEVICE_FAMILY = "1,2";
			};
			name = Release;
		};
		DCFBCE5C2C429F4100F094F3 /* Debug */ = {
			isa = XCBuildConfiguration;
			buildSettings = {
				ALWAYS_EMBED_SWIFT_STANDARD_LIBRARIES = YES;
				BUNDLE_LOADER = "$(TEST_HOST)";
				CODE_SIGN_STYLE = Automatic;
				CURRENT_PROJECT_VERSION = 1;
				DEVELOPMENT_TEAM = CJW25DP288;
				GENERATE_INFOPLIST_FILE = YES;
				IPHONEOS_DEPLOYMENT_TARGET = 17.0;
				MARKETING_VERSION = 1.0;
				PRODUCT_BUNDLE_IDENTIFIER = "Keewee-Apps.FruitsTests";
				PRODUCT_NAME = "$(TARGET_NAME)";
				SWIFT_EMIT_LOC_STRINGS = NO;
				SWIFT_VERSION = 5.0;
				TARGETED_DEVICE_FAMILY = "1,2";
				TEST_HOST = "$(BUILT_PRODUCTS_DIR)/Fruits.app/$(BUNDLE_EXECUTABLE_FOLDER_PATH)/Fruits";
			};
			name = Debug;
		};
		DCFBCE5D2C429F4100F094F3 /* Release */ = {
			isa = XCBuildConfiguration;
			buildSettings = {
				ALWAYS_EMBED_SWIFT_STANDARD_LIBRARIES = YES;
				BUNDLE_LOADER = "$(TEST_HOST)";
				CODE_SIGN_STYLE = Automatic;
				CURRENT_PROJECT_VERSION = 1;
				DEVELOPMENT_TEAM = CJW25DP288;
				GENERATE_INFOPLIST_FILE = YES;
				IPHONEOS_DEPLOYMENT_TARGET = 17.0;
				MARKETING_VERSION = 1.0;
				PRODUCT_BUNDLE_IDENTIFIER = "Keewee-Apps.FruitsTests";
				PRODUCT_NAME = "$(TARGET_NAME)";
				SWIFT_EMIT_LOC_STRINGS = NO;
				SWIFT_VERSION = 5.0;
				TARGETED_DEVICE_FAMILY = "1,2";
				TEST_HOST = "$(BUILT_PRODUCTS_DIR)/Fruits.app/$(BUNDLE_EXECUTABLE_FOLDER_PATH)/Fruits";
			};
			name = Release;
		};
/* End XCBuildConfiguration section */

/* Begin XCConfigurationList section */
		DCFBCE2F2C429F3F00F094F3 /* Build configuration list for PBXProject "Fruits" */ = {
			isa = XCConfigurationList;
			buildConfigurations = (
				DCFBCE562C429F4100F094F3 /* Debug */,
				DCFBCE572C429F4100F094F3 /* Release */,
			);
			defaultConfigurationIsVisible = 0;
			defaultConfigurationName = Release;
		};
		DCFBCE582C429F4100F094F3 /* Build configuration list for PBXNativeTarget "Fruits" */ = {
			isa = XCConfigurationList;
			buildConfigurations = (
				DCFBCE592C429F4100F094F3 /* Debug */,
				DCFBCE5A2C429F4100F094F3 /* Release */,
			);
			defaultConfigurationIsVisible = 0;
			defaultConfigurationName = Release;
		};
		DCFBCE5B2C429F4100F094F3 /* Build configuration list for PBXNativeTarget "FruitsTests" */ = {
			isa = XCConfigurationList;
			buildConfigurations = (
				DCFBCE5C2C429F4100F094F3 /* Debug */,
				DCFBCE5D2C429F4100F094F3 /* Release */,
			);
			defaultConfigurationIsVisible = 0;
			defaultConfigurationName = Release;
		};
/* End XCConfigurationList section */
	};
	rootObject = DCFBCE2C2C429F3F00F094F3 /* Project object */;
}
